
Microsoft Visual Studio Solution File, Format Version 12.00
# Visual Studio 15
VisualStudioVersion = 15.0.28010.2050
MinimumVisualStudioVersion = 10.0.40219.1
Project("{9A19103F-16F7-4668-BE54-9A1E7A4F7556}") = "CQRSDataStorage.DAL", "CQRSDataStorage.DAL\CQRSDataStorage.DAL.csproj", "{66D27713-697F-45AB-B45D-E6C2BC5BC9D8}"
EndProject
Project("{9A19103F-16F7-4668-BE54-9A1E7A4F7556}") = "CQRSDataStorage.DAL.Abstractions", "CQRSDataStorage.DAL.Abstractions\CQRSDataStorage.DAL.Abstractions.csproj", "{42A0B9E4-2AEC-4D12-9AE5-5830858A21D7}"
EndProject
Project("{9A19103F-16F7-4668-BE54-9A1E7A4F7556}") = "CQRSDataStorage.Domain", "CQRSDataStorage.Domain\CQRSDataStorage.Domain.csproj", "{913E2DB8-BBC3-4271-9934-6A6513F5B5BC}"
EndProject
Project("{9A19103F-16F7-4668-BE54-9A1E7A4F7556}") = "CQRSDataStorage.DependenciesCore", "CQRSDataStorage.DependenciesCore\CQRSDataStorage.DependenciesCore.csproj", "{C88BD252-8FE1-4310-896D-04ED5BDB0F6A}"
EndProject
Project("{9A19103F-16F7-4668-BE54-9A1E7A4F7556}") = "CQRSDataStorage.Commands.Abstractions", "CQRSDataStorage.Commands.Abstractions\CQRSDataStorage.Commands.Abstractions.csproj", "{D8078B06-0398-4710-A12A-EB9C11CA57A6}"
EndProject
Project("{9A19103F-16F7-4668-BE54-9A1E7A4F7556}") = "CQRSDataStorage.Queries.Abstractions", "CQRSDataStorage.Queries.Abstractions\CQRSDataStorage.Queries.Abstractions.csproj", "{624BA877-F6DD-42DF-BBAD-FD3B0A0BF3DD}"
EndProject
Project("{9A19103F-16F7-4668-BE54-9A1E7A4F7556}") = "CQRSDataStorage.WebApi", "CQRSDataStorage.WebApi\CQRSDataStorage.WebApi.csproj", "{C70128FB-8D5C-4E1C-BFA4-651416D06785}"
EndProject
Project("{9A19103F-16F7-4668-BE54-9A1E7A4F7556}") = "CQRSDataStorage.Queries", "CQRSDataStorage.Queries\CQRSDataStorage.Queries.csproj", "{3E1C8016-7B44-4BE4-89A3-631495B47E01}"
EndProject
Project("{FAE04EC0-301F-11D3-BF4B-00C04F79EFBC}") = "CQRSDataStorage.Commands", "CQRSDataStorage.Commands\CQRSDataStorage.Commands.csproj", "{8601FF11-AD0F-4F86-8776-33B822B34AFC}"
EndProject
Global
	GlobalSection(SolutionConfigurationPlatforms) = preSolution
		Debug|Any CPU = Debug|Any CPU
		Release|Any CPU = Release|Any CPU
	EndGlobalSection
	GlobalSection(ProjectConfigurationPlatforms) = postSolution
		{66D27713-697F-45AB-B45D-E6C2BC5BC9D8}.Debug|Any CPU.ActiveCfg = Debug|Any CPU
		{66D27713-697F-45AB-B45D-E6C2BC5BC9D8}.Debug|Any CPU.Build.0 = Debug|Any CPU
		{66D27713-697F-45AB-B45D-E6C2BC5BC9D8}.Release|Any CPU.ActiveCfg = Release|Any CPU
		{66D27713-697F-45AB-B45D-E6C2BC5BC9D8}.Release|Any CPU.Build.0 = Release|Any CPU
		{42A0B9E4-2AEC-4D12-9AE5-5830858A21D7}.Debug|Any CPU.ActiveCfg = Debug|Any CPU
		{42A0B9E4-2AEC-4D12-9AE5-5830858A21D7}.Debug|Any CPU.Build.0 = Debug|Any CPU
		{42A0B9E4-2AEC-4D12-9AE5-5830858A21D7}.Release|Any CPU.ActiveCfg = Release|Any CPU
		{42A0B9E4-2AEC-4D12-9AE5-5830858A21D7}.Release|Any CPU.Build.0 = Release|Any CPU
		{913E2DB8-BBC3-4271-9934-6A6513F5B5BC}.Debug|Any CPU.ActiveCfg = Debug|Any CPU
		{913E2DB8-BBC3-4271-9934-6A6513F5B5BC}.Debug|Any CPU.Build.0 = Debug|Any CPU
		{913E2DB8-BBC3-4271-9934-6A6513F5B5BC}.Release|Any CPU.ActiveCfg = Release|Any CPU
		{913E2DB8-BBC3-4271-9934-6A6513F5B5BC}.Release|Any CPU.Build.0 = Release|Any CPU
		{C88BD252-8FE1-4310-896D-04ED5BDB0F6A}.Debug|Any CPU.ActiveCfg = Debug|Any CPU
		{C88BD252-8FE1-4310-896D-04ED5BDB0F6A}.Debug|Any CPU.Build.0 = Debug|Any CPU
		{C88BD252-8FE1-4310-896D-04ED5BDB0F6A}.Release|Any CPU.ActiveCfg = Release|Any CPU
		{C88BD252-8FE1-4310-896D-04ED5BDB0F6A}.Release|Any CPU.Build.0 = Release|Any CPU
		{D8078B06-0398-4710-A12A-EB9C11CA57A6}.Debug|Any CPU.ActiveCfg = Debug|Any CPU
		{D8078B06-0398-4710-A12A-EB9C11CA57A6}.Debug|Any CPU.Build.0 = Debug|Any CPU
		{D8078B06-0398-4710-A12A-EB9C11CA57A6}.Release|Any CPU.ActiveCfg = Release|Any CPU
		{D8078B06-0398-4710-A12A-EB9C11CA57A6}.Release|Any CPU.Build.0 = Release|Any CPU
		{624BA877-F6DD-42DF-BBAD-FD3B0A0BF3DD}.Debug|Any CPU.ActiveCfg = Debug|Any CPU
		{624BA877-F6DD-42DF-BBAD-FD3B0A0BF3DD}.Debug|Any CPU.Build.0 = Debug|Any CPU
		{624BA877-F6DD-42DF-BBAD-FD3B0A0BF3DD}.Release|Any CPU.ActiveCfg = Release|Any CPU
		{624BA877-F6DD-42DF-BBAD-FD3B0A0BF3DD}.Release|Any CPU.Build.0 = Release|Any CPU
		{C70128FB-8D5C-4E1C-BFA4-651416D06785}.Debug|Any CPU.ActiveCfg = Debug|Any CPU
		{C70128FB-8D5C-4E1C-BFA4-651416D06785}.Debug|Any CPU.Build.0 = Debug|Any CPU
		{C70128FB-8D5C-4E1C-BFA4-651416D06785}.Release|Any CPU.ActiveCfg = Release|Any CPU
		{C70128FB-8D5C-4E1C-BFA4-651416D06785}.Release|Any CPU.Build.0 = Release|Any CPU
		{3E1C8016-7B44-4BE4-89A3-631495B47E01}.Debug|Any CPU.ActiveCfg = Debug|Any CPU
		{3E1C8016-7B44-4BE4-89A3-631495B47E01}.Debug|Any CPU.Build.0 = Debug|Any CPU
		{3E1C8016-7B44-4BE4-89A3-631495B47E01}.Release|Any CPU.ActiveCfg = Release|Any CPU
		{3E1C8016-7B44-4BE4-89A3-631495B47E01}.Release|Any CPU.Build.0 = Release|Any CPU
		{8601FF11-AD0F-4F86-8776-33B822B34AFC}.Debug|Any CPU.ActiveCfg = Debug|Any CPU
		{8601FF11-AD0F-4F86-8776-33B822B34AFC}.Debug|Any CPU.Build.0 = Debug|Any CPU
		{8601FF11-AD0F-4F86-8776-33B822B34AFC}.Release|Any CPU.ActiveCfg = Release|Any CPU
		{8601FF11-AD0F-4F86-8776-33B822B34AFC}.Release|Any CPU.Build.0 = Release|Any CPU
	EndGlobalSection
	GlobalSection(SolutionProperties) = preSolution
		HideSolutionNode = FALSE
	EndGlobalSection
	GlobalSection(ExtensibilityGlobals) = postSolution
		SolutionGuid = {041D5CD4-AE6D-426F-BAF2-01480202D8F6}
	EndGlobalSection
EndGlobal
